
Microsoft Visual Studio Solution File, Format Version 12.00
# Visual Studio Version 16
VisualStudioVersion = 16.0.32126.315
MinimumVisualStudioVersion = 10.0.40219.1
Project("{FAE04EC0-301F-11D3-BF4B-00C04F79EFBC}") = "PersonalBudgetPlanner", "PersonalBudgetPlanner\PersonalBudgetPlanner.csproj", "{E128BE32-96AA-43C0-884C-BDB9247CF38C}"
EndProject
Global
	GlobalSection(SolutionConfigurationPlatforms) = preSolution
		Debug|Any CPU = Debug|Any CPU
		Release|Any CPU = Release|Any CPU
	EndGlobalSection
	GlobalSection(ProjectConfigurationPlatforms) = postSolution
		{E128BE32-96AA-43C0-884C-BDB9247CF38C}.Debug|Any CPU.ActiveCfg = Debug|Any CPU
		{E128BE32-96AA-43C0-884C-BDB9247CF38C}.Debug|Any CPU.Build.0 = Debug|Any CPU
		{E128BE32-96AA-43C0-884C-BDB9247CF38C}.Release|Any CPU.ActiveCfg = Release|Any CPU
		{E128BE32-96AA-43C0-884C-BDB9247CF38C}.Release|Any CPU.Build.0 = Release|Any CPU
	EndGlobalSection
	GlobalSection(SolutionProperties) = preSolution
		HideSolutionNode = FALSE
	EndGlobalSection
	GlobalSection(ExtensibilityGlobals) = postSolution
		SolutionGuid = {E5D9B51D-588B-4EE9-B393-5F94A004796A}
	EndGlobalSection
EndGlobal
